
Microsoft Visual Studio Solution File, Format Version 12.00
# Visual Studio 15
VisualStudioVersion = 15.0.27130.2024
MinimumVisualStudioVersion = 10.0.40219.1
Project("{FAE04EC0-301F-11D3-BF4B-00C04F79EFBC}") = "Delegate_474", "Delegate_474\Delegate_474.csproj", "{B457A205-47D5-4148-818F-AFF9DFB582B5}"
EndProject
Project("{FAE04EC0-301F-11D3-BF4B-00C04F79EFBC}") = "Delegate_476", "Delegate_476\Delegate_476.csproj", "{3DBECB25-6A06-49A0-867B-ABAC1A8CEAE9}"
EndProject
Project("{FAE04EC0-301F-11D3-BF4B-00C04F79EFBC}") = "Delegate_477", "Delegate_477\Delegate_477.csproj", "{0F67D63E-4B52-421B-A187-9C6F61F34AFF}"
EndProject
Project("{FAE04EC0-301F-11D3-BF4B-00C04F79EFBC}") = "Delegate_479", "Delegate_479\Delegate_479.csproj", "{CA4B4D03-24EB-45E4-9FAF-B62D415B642F}"
EndProject
Project("{FAE04EC0-301F-11D3-BF4B-00C04F79EFBC}") = "Delegate_481_CoContrVariance", "Delegate_481_CoContrVariance\Delegate_481_CoContrVariance.csproj", "{DB06D457-F5A3-4EBA-8BD5-A87956A06425}"
EndProject
Project("{FAE04EC0-301F-11D3-BF4B-00C04F79EFBC}") = "Delegate_484_AnonMeth", "Delegate_484_AnonMeth\Delegate_484_AnonMeth.csproj", "{00F7FFA8-D364-4C1D-B0D6-40873323F39E}"
EndProject
Project("{FAE04EC0-301F-11D3-BF4B-00C04F79EFBC}") = "Delegate_485_AnonMeth2", "Delegate_485_AnonMeth2\Delegate_485_AnonMeth2.csproj", "{018492D8-3846-4518-B52F-A9723730E015}"
EndProject
Project("{FAE04EC0-301F-11D3-BF4B-00C04F79EFBC}") = "Delegate_486_AnonMeth3", "Delegate_486_AnonMeth3\Delegate_486_AnonMeth3.csproj", "{5E62117F-3950-4AAA-8C0E-0A7852BA01F0}"
EndProject
Project("{FAE04EC0-301F-11D3-BF4B-00C04F79EFBC}") = "Delegate_487_VarCapture", "Delegate_487_VarCapture\Delegate_487_VarCapture.csproj", "{9A85CCBE-279D-49CE-B72E-98CBED295C3E}"
EndProject
Project("{FAE04EC0-301F-11D3-BF4B-00C04F79EFBC}") = "Delegate_490_SimpleLambdaDemo", "Delegate_490_SimpleLambdaDemo\Delegate_490_SimpleLambdaDemo.csproj", "{CA0F3154-088D-4298-AF9D-18FBD116CA6C}"
EndProject
Project("{FAE04EC0-301F-11D3-BF4B-00C04F79EFBC}") = "Delegate_492_StatementLambdaDemo", "Delegate_492_StatementLambdaDemo\Delegate_492_StatementLambdaDemo.csproj", "{EFD3A344-B5AE-4439-8769-F170861A29DA}"
EndProject
Project("{FAE04EC0-301F-11D3-BF4B-00C04F79EFBC}") = "Delegate_493_UseStatementLambdas", "Delegate_493_UseStatementLambdas\Delegate_493_UseStatementLambdas.csproj", "{4A489E20-CC68-4189-8B77-790DEDB05F79}"
EndProject
Project("{FAE04EC0-301F-11D3-BF4B-00C04F79EFBC}") = "Delegate_494_EventDemo", "Delegate_494_EventDemo\Delegate_494_EventDemo.csproj", "{A3C427CC-D38F-460C-B06F-2BA7B8785DA2}"
EndProject
Project("{FAE04EC0-301F-11D3-BF4B-00C04F79EFBC}") = "Delegate_496_EventDemo2", "Delegate_496_EventDemo2\Delegate_496_EventDemo2.csproj", "{C04237BE-5006-4F54-8426-656332C2A2FD}"
EndProject
Project("{FAE04EC0-301F-11D3-BF4B-00C04F79EFBC}") = "Delegate_498_EventDemo3", "Delegate_498_EventDemo3\Delegate_498_EventDemo3.csproj", "{8062FD4D-12EC-4D37-98C1-C2325D1ACE83}"
EndProject
Project("{FAE04EC0-301F-11D3-BF4B-00C04F79EFBC}") = "Delegate_499_EventDemo4", "Delegate_499_EventDemo4\Delegate_499_EventDemo4.csproj", "{3F61E060-DB24-47A6-80F1-AA44C3AE9F49}"
EndProject
Global
	GlobalSection(SolutionConfigurationPlatforms) = preSolution
		Debug|Any CPU = Debug|Any CPU
		Release|Any CPU = Release|Any CPU
	EndGlobalSection
	GlobalSection(ProjectConfigurationPlatforms) = postSolution
		{B457A205-47D5-4148-818F-AFF9DFB582B5}.Debug|Any CPU.ActiveCfg = Debug|Any CPU
		{B457A205-47D5-4148-818F-AFF9DFB582B5}.Debug|Any CPU.Build.0 = Debug|Any CPU
		{B457A205-47D5-4148-818F-AFF9DFB582B5}.Release|Any CPU.ActiveCfg = Release|Any CPU
		{B457A205-47D5-4148-818F-AFF9DFB582B5}.Release|Any CPU.Build.0 = Release|Any CPU
		{3DBECB25-6A06-49A0-867B-ABAC1A8CEAE9}.Debug|Any CPU.ActiveCfg = Debug|Any CPU
		{3DBECB25-6A06-49A0-867B-ABAC1A8CEAE9}.Debug|Any CPU.Build.0 = Debug|Any CPU
		{3DBECB25-6A06-49A0-867B-ABAC1A8CEAE9}.Release|Any CPU.ActiveCfg = Release|Any CPU
		{3DBECB25-6A06-49A0-867B-ABAC1A8CEAE9}.Release|Any CPU.Build.0 = Release|Any CPU
		{0F67D63E-4B52-421B-A187-9C6F61F34AFF}.Debug|Any CPU.ActiveCfg = Debug|Any CPU
		{0F67D63E-4B52-421B-A187-9C6F61F34AFF}.Debug|Any CPU.Build.0 = Debug|Any CPU
		{0F67D63E-4B52-421B-A187-9C6F61F34AFF}.Release|Any CPU.ActiveCfg = Release|Any CPU
		{0F67D63E-4B52-421B-A187-9C6F61F34AFF}.Release|Any CPU.Build.0 = Release|Any CPU
		{CA4B4D03-24EB-45E4-9FAF-B62D415B642F}.Debug|Any CPU.ActiveCfg = Debug|Any CPU
		{CA4B4D03-24EB-45E4-9FAF-B62D415B642F}.Debug|Any CPU.Build.0 = Debug|Any CPU
		{CA4B4D03-24EB-45E4-9FAF-B62D415B642F}.Release|Any CPU.ActiveCfg = Release|Any CPU
		{CA4B4D03-24EB-45E4-9FAF-B62D415B642F}.Release|Any CPU.Build.0 = Release|Any CPU
		{DB06D457-F5A3-4EBA-8BD5-A87956A06425}.Debug|Any CPU.ActiveCfg = Debug|Any CPU
		{DB06D457-F5A3-4EBA-8BD5-A87956A06425}.Debug|Any CPU.Build.0 = Debug|Any CPU
		{DB06D457-F5A3-4EBA-8BD5-A87956A06425}.Release|Any CPU.ActiveCfg = Release|Any CPU
		{DB06D457-F5A3-4EBA-8BD5-A87956A06425}.Release|Any CPU.Build.0 = Release|Any CPU
		{00F7FFA8-D364-4C1D-B0D6-40873323F39E}.Debug|Any CPU.ActiveCfg = Debug|Any CPU
		{00F7FFA8-D364-4C1D-B0D6-40873323F39E}.Debug|Any CPU.Build.0 = Debug|Any CPU
		{00F7FFA8-D364-4C1D-B0D6-40873323F39E}.Release|Any CPU.ActiveCfg = Release|Any CPU
		{00F7FFA8-D364-4C1D-B0D6-40873323F39E}.Release|Any CPU.Build.0 = Release|Any CPU
		{018492D8-3846-4518-B52F-A9723730E015}.Debug|Any CPU.ActiveCfg = Debug|Any CPU
		{018492D8-3846-4518-B52F-A9723730E015}.Debug|Any CPU.Build.0 = Debug|Any CPU
		{018492D8-3846-4518-B52F-A9723730E015}.Release|Any CPU.ActiveCfg = Release|Any CPU
		{018492D8-3846-4518-B52F-A9723730E015}.Release|Any CPU.Build.0 = Release|Any CPU
		{5E62117F-3950-4AAA-8C0E-0A7852BA01F0}.Debug|Any CPU.ActiveCfg = Debug|Any CPU
		{5E62117F-3950-4AAA-8C0E-0A7852BA01F0}.Debug|Any CPU.Build.0 = Debug|Any CPU
		{5E62117F-3950-4AAA-8C0E-0A7852BA01F0}.Release|Any CPU.ActiveCfg = Release|Any CPU
		{5E62117F-3950-4AAA-8C0E-0A7852BA01F0}.Release|Any CPU.Build.0 = Release|Any CPU
		{9A85CCBE-279D-49CE-B72E-98CBED295C3E}.Debug|Any CPU.ActiveCfg = Debug|Any CPU
		{9A85CCBE-279D-49CE-B72E-98CBED295C3E}.Debug|Any CPU.Build.0 = Debug|Any CPU
		{9A85CCBE-279D-49CE-B72E-98CBED295C3E}.Release|Any CPU.ActiveCfg = Release|Any CPU
		{9A85CCBE-279D-49CE-B72E-98CBED295C3E}.Release|Any CPU.Build.0 = Release|Any CPU
		{CA0F3154-088D-4298-AF9D-18FBD116CA6C}.Debug|Any CPU.ActiveCfg = Debug|Any CPU
		{CA0F3154-088D-4298-AF9D-18FBD116CA6C}.Debug|Any CPU.Build.0 = Debug|Any CPU
		{CA0F3154-088D-4298-AF9D-18FBD116CA6C}.Release|Any CPU.ActiveCfg = Release|Any CPU
		{CA0F3154-088D-4298-AF9D-18FBD116CA6C}.Release|Any CPU.Build.0 = Release|Any CPU
		{EFD3A344-B5AE-4439-8769-F170861A29DA}.Debug|Any CPU.ActiveCfg = Debug|Any CPU
		{EFD3A344-B5AE-4439-8769-F170861A29DA}.Debug|Any CPU.Build.0 = Debug|Any CPU
		{EFD3A344-B5AE-4439-8769-F170861A29DA}.Release|Any CPU.ActiveCfg = Release|Any CPU
		{EFD3A344-B5AE-4439-8769-F170861A29DA}.Release|Any CPU.Build.0 = Release|Any CPU
		{4A489E20-CC68-4189-8B77-790DEDB05F79}.Debug|Any CPU.ActiveCfg = Debug|Any CPU
		{4A489E20-CC68-4189-8B77-790DEDB05F79}.Debug|Any CPU.Build.0 = Debug|Any CPU
		{4A489E20-CC68-4189-8B77-790DEDB05F79}.Release|Any CPU.ActiveCfg = Release|Any CPU
		{4A489E20-CC68-4189-8B77-790DEDB05F79}.Release|Any CPU.Build.0 = Release|Any CPU
		{A3C427CC-D38F-460C-B06F-2BA7B8785DA2}.Debug|Any CPU.ActiveCfg = Debug|Any CPU
		{A3C427CC-D38F-460C-B06F-2BA7B8785DA2}.Debug|Any CPU.Build.0 = Debug|Any CPU
		{A3C427CC-D38F-460C-B06F-2BA7B8785DA2}.Release|Any CPU.ActiveCfg = Release|Any CPU
		{A3C427CC-D38F-460C-B06F-2BA7B8785DA2}.Release|Any CPU.Build.0 = Release|Any CPU
		{C04237BE-5006-4F54-8426-656332C2A2FD}.Debug|Any CPU.ActiveCfg = Debug|Any CPU
		{C04237BE-5006-4F54-8426-656332C2A2FD}.Debug|Any CPU.Build.0 = Debug|Any CPU
		{C04237BE-5006-4F54-8426-656332C2A2FD}.Release|Any CPU.ActiveCfg = Release|Any CPU
		{C04237BE-5006-4F54-8426-656332C2A2FD}.Release|Any CPU.Build.0 = Release|Any CPU
		{8062FD4D-12EC-4D37-98C1-C2325D1ACE83}.Debug|Any CPU.ActiveCfg = Debug|Any CPU
		{8062FD4D-12EC-4D37-98C1-C2325D1ACE83}.Debug|Any CPU.Build.0 = Debug|Any CPU
		{8062FD4D-12EC-4D37-98C1-C2325D1ACE83}.Release|Any CPU.ActiveCfg = Release|Any CPU
		{8062FD4D-12EC-4D37-98C1-C2325D1ACE83}.Release|Any CPU.Build.0 = Release|Any CPU
		{3F61E060-DB24-47A6-80F1-AA44C3AE9F49}.Debug|Any CPU.ActiveCfg = Debug|Any CPU
		{3F61E060-DB24-47A6-80F1-AA44C3AE9F49}.Debug|Any CPU.Build.0 = Debug|Any CPU
		{3F61E060-DB24-47A6-80F1-AA44C3AE9F49}.Release|Any CPU.ActiveCfg = Release|Any CPU
		{3F61E060-DB24-47A6-80F1-AA44C3AE9F49}.Release|Any CPU.Build.0 = Release|Any CPU
	EndGlobalSection
	GlobalSection(SolutionProperties) = preSolution
		HideSolutionNode = FALSE
	EndGlobalSection
	GlobalSection(ExtensibilityGlobals) = postSolution
		SolutionGuid = {C63B32D3-D397-4B27-A582-A8574527F412}
	EndGlobalSection
EndGlobal
